// !$*UTF8*$!
{
	archiveVersion = 1;
	classes = {
	};
	objectVersion = 51;
	objects = {

/* Begin PBXBuildFile section */
		019A0C7FE897E50A4497A2E2 /* Pods_flixsterTests.framework in Frameworks */ = {isa = PBXBuildFile; fileRef = 0AC165786AD77182DDFE91CB /* Pods_flixsterTests.framework */; };
		19AA0A97C6FE6577B6FF574C /* Pods_flixster.framework in Frameworks */ = {isa = PBXBuildFile; fileRef = 3557B4B3EB9D5252AB4A99BA /* Pods_flixster.framework */; };
		1CEE517B251312B20093C178 /* AppDelegate.swift in Sources */ = {isa = PBXBuildFile; fileRef = 1CEE517A251312B20093C178 /* AppDelegate.swift */; };
		1CEE517D251312B20093C178 /* SceneDelegate.swift in Sources */ = {isa = PBXBuildFile; fileRef = 1CEE517C251312B20093C178 /* SceneDelegate.swift */; };
		1CEE5182251312B20093C178 /* Main.storyboard in Resources */ = {isa = PBXBuildFile; fileRef = 1CEE5180251312B20093C178 /* Main.storyboard */; };
		1CEE5184251312B80093C178 /* Assets.xcassets in Resources */ = {isa = PBXBuildFile; fileRef = 1CEE5183251312B80093C178 /* Assets.xcassets */; };
		1CEE5187251312B80093C178 /* LaunchScreen.storyboard in Resources */ = {isa = PBXBuildFile; fileRef = 1CEE5185251312B80093C178 /* LaunchScreen.storyboard */; };
		1CEE5192251312B80093C178 /* flixsterTests.swift in Sources */ = {isa = PBXBuildFile; fileRef = 1CEE5191251312B80093C178 /* flixsterTests.swift */; };
		1CEE519D251312B80093C178 /* flixsterUITests.swift in Sources */ = {isa = PBXBuildFile; fileRef = 1CEE519C251312B80093C178 /* flixsterUITests.swift */; };
		1CEE51AB251314160093C178 /* MoviesViewController.swift in Sources */ = {isa = PBXBuildFile; fileRef = 1CEE51AA251314160093C178 /* MoviesViewController.swift */; };
		1CEE51AD2513233B0093C178 /* MovieCell.swift in Sources */ = {isa = PBXBuildFile; fileRef = 1CEE51AC2513233B0093C178 /* MovieCell.swift */; };
		1CEE51B5251C7CD40093C178 /* MovieDetailsViewController.swift in Sources */ = {isa = PBXBuildFile; fileRef = 1CEE51B4251C7CD40093C178 /* MovieDetailsViewController.swift */; };
		1CEE51B7251D85E70093C178 /* MovieGridViewController.swift in Sources */ = {isa = PBXBuildFile; fileRef = 1CEE51B6251D85E70093C178 /* MovieGridViewController.swift */; };
		1CEE51BB251D98E60093C178 /* MovieGridCell.swift in Sources */ = {isa = PBXBuildFile; fileRef = 1CEE51BA251D98E60093C178 /* MovieGridCell.swift */; };
		1CEE51BD251DC2CA0093C178 /* MovieGridDetailViewController.swift in Sources */ = {isa = PBXBuildFile; fileRef = 1CEE51BC251DC2CA0093C178 /* MovieGridDetailViewController.swift */; };
		1CEE51BF251DCDE20093C178 /* WebViewController.swift in Sources */ = {isa = PBXBuildFile; fileRef = 1CEE51BE251DCDE20093C178 /* WebViewController.swift */; };
		1CEE51C1251DDF380093C178 /* WebKit.framework in Frameworks */ = {isa = PBXBuildFile; fileRef = 1CEE51C0251DDF380093C178 /* WebKit.framework */; };
		96FB21E3ACE9D8EDAE90C024 /* Pods_flixster_flixsterUITests.framework in Frameworks */ = {isa = PBXBuildFile; fileRef = 5FCFF6F9B58194A107190E9D /* Pods_flixster_flixsterUITests.framework */; };
/* End PBXBuildFile section */

/* Begin PBXContainerItemProxy section */
		1CEE518E251312B80093C178 /* PBXContainerItemProxy */ = {
			isa = PBXContainerItemProxy;
			containerPortal = 1CEE516F251312B20093C178 /* Project object */;
			proxyType = 1;
			remoteGlobalIDString = 1CEE5176251312B20093C178;
			remoteInfo = flixster;
		};
		1CEE5199251312B80093C178 /* PBXContainerItemProxy */ = {
			isa = PBXContainerItemProxy;
			containerPortal = 1CEE516F251312B20093C178 /* Project object */;
			proxyType = 1;
			remoteGlobalIDString = 1CEE5176251312B20093C178;
			remoteInfo = flixster;
		};
/* End PBXContainerItemProxy section */

/* Begin PBXFileReference section */
		0AC165786AD77182DDFE91CB /* Pods_flixsterTests.framework */ = {isa = PBXFileReference; explicitFileType = wrapper.framework; includeInIndex = 0; path = Pods_flixsterTests.framework; sourceTree = BUILT_PRODUCTS_DIR; };
		1B778DC1556DF2969A250BBD /* Pods-flixsterTests.debug.xcconfig */ = {isa = PBXFileReference; includeInIndex = 1; lastKnownFileType = text.xcconfig; name = "Pods-flixsterTests.debug.xcconfig"; path = "Target Support Files/Pods-flixsterTests/Pods-flixsterTests.debug.xcconfig"; sourceTree = "<group>"; };
		1CEE5177251312B20093C178 /* flixster.app */ = {isa = PBXFileReference; explicitFileType = wrapper.application; includeInIndex = 0; path = flixster.app; sourceTree = BUILT_PRODUCTS_DIR; };
		1CEE517A251312B20093C178 /* AppDelegate.swift */ = {isa = PBXFileReference; lastKnownFileType = sourcecode.swift; path = AppDelegate.swift; sourceTree = "<group>"; };
		1CEE517C251312B20093C178 /* SceneDelegate.swift */ = {isa = PBXFileReference; lastKnownFileType = sourcecode.swift; path = SceneDelegate.swift; sourceTree = "<group>"; };
		1CEE5181251312B20093C178 /* Base */ = {isa = PBXFileReference; lastKnownFileType = file.storyboard; name = Base; path = Base.lproj/Main.storyboard; sourceTree = "<group>"; };
		1CEE5183251312B80093C178 /* Assets.xcassets */ = {isa = PBXFileReference; lastKnownFileType = folder.assetcatalog; path = Assets.xcassets; sourceTree = "<group>"; };
		1CEE5186251312B80093C178 /* Base */ = {isa = PBXFileReference; lastKnownFileType = file.storyboard; name = Base; path = Base.lproj/LaunchScreen.storyboard; sourceTree = "<group>"; };
		1CEE5188251312B80093C178 /* Info.plist */ = {isa = PBXFileReference; lastKnownFileType = text.plist.xml; path = Info.plist; sourceTree = "<group>"; };
		1CEE518D251312B80093C178 /* flixsterTests.xctest */ = {isa = PBXFileReference; explicitFileType = wrapper.cfbundle; includeInIndex = 0; path = flixsterTests.xctest; sourceTree = BUILT_PRODUCTS_DIR; };
		1CEE5191251312B80093C178 /* flixsterTests.swift */ = {isa = PBXFileReference; lastKnownFileType = sourcecode.swift; path = flixsterTests.swift; sourceTree = "<group>"; };
		1CEE5193251312B80093C178 /* Info.plist */ = {isa = PBXFileReference; lastKnownFileType = text.plist.xml; path = Info.plist; sourceTree = "<group>"; };
		1CEE5198251312B80093C178 /* flixsterUITests.xctest */ = {isa = PBXFileReference; explicitFileType = wrapper.cfbundle; includeInIndex = 0; path = flixsterUITests.xctest; sourceTree = BUILT_PRODUCTS_DIR; };
		1CEE519C251312B80093C178 /* flixsterUITests.swift */ = {isa = PBXFileReference; lastKnownFileType = sourcecode.swift; path = flixsterUITests.swift; sourceTree = "<group>"; };
		1CEE519E251312B80093C178 /* Info.plist */ = {isa = PBXFileReference; lastKnownFileType = text.plist.xml; path = Info.plist; sourceTree = "<group>"; };
		1CEE51AA251314160093C178 /* MoviesViewController.swift */ = {isa = PBXFileReference; lastKnownFileType = sourcecode.swift; path = MoviesViewController.swift; sourceTree = "<group>"; };
		1CEE51AC2513233B0093C178 /* MovieCell.swift */ = {isa = PBXFileReference; lastKnownFileType = sourcecode.swift; path = MovieCell.swift; sourceTree = "<group>"; };
		1CEE51B4251C7CD40093C178 /* MovieDetailsViewController.swift */ = {isa = PBXFileReference; lastKnownFileType = sourcecode.swift; path = MovieDetailsViewController.swift; sourceTree = "<group>"; };
		1CEE51B6251D85E70093C178 /* MovieGridViewController.swift */ = {isa = PBXFileReference; lastKnownFileType = sourcecode.swift; path = MovieGridViewController.swift; sourceTree = "<group>"; };
		1CEE51BA251D98E60093C178 /* MovieGridCell.swift */ = {isa = PBXFileReference; lastKnownFileType = sourcecode.swift; path = MovieGridCell.swift; sourceTree = "<group>"; };
		1CEE51BC251DC2CA0093C178 /* MovieGridDetailViewController.swift */ = {isa = PBXFileReference; lastKnownFileType = sourcecode.swift; path = MovieGridDetailViewController.swift; sourceTree = "<group>"; };
		1CEE51BE251DCDE20093C178 /* WebViewController.swift */ = {isa = PBXFileReference; lastKnownFileType = sourcecode.swift; path = WebViewController.swift; sourceTree = "<group>"; };
		1CEE51C0251DDF380093C178 /* WebKit.framework */ = {isa = PBXFileReference; lastKnownFileType = wrapper.framework; name = WebKit.framework; path = System/Library/Frameworks/WebKit.framework; sourceTree = SDKROOT; };
		3557B4B3EB9D5252AB4A99BA /* Pods_flixster.framework */ = {isa = PBXFileReference; explicitFileType = wrapper.framework; includeInIndex = 0; path = Pods_flixster.framework; sourceTree = BUILT_PRODUCTS_DIR; };
		4D430A1F1C51BAC4F9A5A473 /* Pods-flixster.debug.xcconfig */ = {isa = PBXFileReference; includeInIndex = 1; lastKnownFileType = text.xcconfig; name = "Pods-flixster.debug.xcconfig"; path = "Target Support Files/Pods-flixster/Pods-flixster.debug.xcconfig"; sourceTree = "<group>"; };
		5FCFF6F9B58194A107190E9D /* Pods_flixster_flixsterUITests.framework */ = {isa = PBXFileReference; explicitFileType = wrapper.framework; includeInIndex = 0; path = Pods_flixster_flixsterUITests.framework; sourceTree = BUILT_PRODUCTS_DIR; };
		602F916CA2892B41CE02572E /* Pods-flixsterTests.release.xcconfig */ = {isa = PBXFileReference; includeInIndex = 1; lastKnownFileType = text.xcconfig; name = "Pods-flixsterTests.release.xcconfig"; path = "Target Support Files/Pods-flixsterTests/Pods-flixsterTests.release.xcconfig"; sourceTree = "<group>"; };
		9726B5FB4C39F6B28D8B19A9 /* Pods-flixster-flixsterUITests.debug.xcconfig */ = {isa = PBXFileReference; includeInIndex = 1; lastKnownFileType = text.xcconfig; name = "Pods-flixster-flixsterUITests.debug.xcconfig"; path = "Target Support Files/Pods-flixster-flixsterUITests/Pods-flixster-flixsterUITests.debug.xcconfig"; sourceTree = "<group>"; };
		A2A2C8740AF402B32D6EB01B /* Pods-flixster-flixsterUITests.release.xcconfig */ = {isa = PBXFileReference; includeInIndex = 1; lastKnownFileType = text.xcconfig; name = "Pods-flixster-flixsterUITests.release.xcconfig"; path = "Target Support Files/Pods-flixster-flixsterUITests/Pods-flixster-flixsterUITests.release.xcconfig"; sourceTree = "<group>"; };
		DD4A83C24785857B00ECFC77 /* Pods-flixster.release.xcconfig */ = {isa = PBXFileReference; includeInIndex = 1; lastKnownFileType = text.xcconfig; name = "Pods-flixster.release.xcconfig"; path = "Target Support Files/Pods-flixster/Pods-flixster.release.xcconfig"; sourceTree = "<group>"; };
/* End PBXFileReference section */

/* Begin PBXFrameworksBuildPhase section */
		1CEE5174251312B20093C178 /* Frameworks */ = {
			isa = PBXFrameworksBuildPhase;
			buildActionMask = 2147483647;
			files = (
				1CEE51C1251DDF380093C178 /* WebKit.framework in Frameworks */,
				19AA0A97C6FE6577B6FF574C /* Pods_flixster.framework in Frameworks */,
			);
			runOnlyForDeploymentPostprocessing = 0;
		};
		1CEE518A251312B80093C178 /* Frameworks */ = {
			isa = PBXFrameworksBuildPhase;
			buildActionMask = 2147483647;
			files = (
				019A0C7FE897E50A4497A2E2 /* Pods_flixsterTests.framework in Frameworks */,
			);
			runOnlyForDeploymentPostprocessing = 0;
		};
		1CEE5195251312B80093C178 /* Frameworks */ = {
			isa = PBXFrameworksBuildPhase;
			buildActionMask = 2147483647;
			files = (
				96FB21E3ACE9D8EDAE90C024 /* Pods_flixster_flixsterUITests.framework in Frameworks */,
			);
			runOnlyForDeploymentPostprocessing = 0;
		};
/* End PBXFrameworksBuildPhase section */

/* Begin PBXGroup section */
		1CEE516E251312B20093C178 = {
			isa = PBXGroup;
			children = (
				1CEE5179251312B20093C178 /* flixster */,
				1CEE5190251312B80093C178 /* flixsterTests */,
				1CEE519B251312B80093C178 /* flixsterUITests */,
				1CEE5178251312B20093C178 /* Products */,
				8A45C30396CA931B3AAE7A8E /* Pods */,
				2F45063B782D3534AA212D25 /* Frameworks */,
			);
			sourceTree = "<group>";
		};
		1CEE5178251312B20093C178 /* Products */ = {
			isa = PBXGroup;
			children = (
				1CEE5177251312B20093C178 /* flixster.app */,
				1CEE518D251312B80093C178 /* flixsterTests.xctest */,
				1CEE5198251312B80093C178 /* flixsterUITests.xctest */,
			);
			name = Products;
			sourceTree = "<group>";
		};
		1CEE5179251312B20093C178 /* flixster */ = {
			isa = PBXGroup;
			children = (
				1CEE517A251312B20093C178 /* AppDelegate.swift */,
				1CEE517C251312B20093C178 /* SceneDelegate.swift */,
				1CEE5180251312B20093C178 /* Main.storyboard */,
				1CEE5183251312B80093C178 /* Assets.xcassets */,
				1CEE5185251312B80093C178 /* LaunchScreen.storyboard */,
				1CEE5188251312B80093C178 /* Info.plist */,
				1CEE51AC2513233B0093C178 /* MovieCell.swift */,
				1CEE51AA251314160093C178 /* MoviesViewController.swift */,
				1CEE51B4251C7CD40093C178 /* MovieDetailsViewController.swift */,
				1CEE51B6251D85E70093C178 /* MovieGridViewController.swift */,
				1CEE51BA251D98E60093C178 /* MovieGridCell.swift */,
				1CEE51BC251DC2CA0093C178 /* MovieGridDetailViewController.swift */,
				1CEE51BE251DCDE20093C178 /* WebViewController.swift */,
			);
			path = flixster;
			sourceTree = "<group>";
		};
		1CEE5190251312B80093C178 /* flixsterTests */ = {
			isa = PBXGroup;
			children = (
				1CEE5191251312B80093C178 /* flixsterTests.swift */,
				1CEE5193251312B80093C178 /* Info.plist */,
			);
			path = flixsterTests;
			sourceTree = "<group>";
		};
		1CEE519B251312B80093C178 /* flixsterUITests */ = {
			isa = PBXGroup;
			children = (
				1CEE519C251312B80093C178 /* flixsterUITests.swift */,
				1CEE519E251312B80093C178 /* Info.plist */,
			);
			path = flixsterUITests;
			sourceTree = "<group>";
		};
		2F45063B782D3534AA212D25 /* Frameworks */ = {
			isa = PBXGroup;
			children = (
				1CEE51C0251DDF380093C178 /* WebKit.framework */,
				3557B4B3EB9D5252AB4A99BA /* Pods_flixster.framework */,
				5FCFF6F9B58194A107190E9D /* Pods_flixster_flixsterUITests.framework */,
				0AC165786AD77182DDFE91CB /* Pods_flixsterTests.framework */,
			);
			name = Frameworks;
			sourceTree = "<group>";
		};
		8A45C30396CA931B3AAE7A8E /* Pods */ = {
			isa = PBXGroup;
			children = (
				4D430A1F1C51BAC4F9A5A473 /* Pods-flixster.debug.xcconfig */,
				DD4A83C24785857B00ECFC77 /* Pods-flixster.release.xcconfig */,
				9726B5FB4C39F6B28D8B19A9 /* Pods-flixster-flixsterUITests.debug.xcconfig */,
				A2A2C8740AF402B32D6EB01B /* Pods-flixster-flixsterUITests.release.xcconfig */,
				1B778DC1556DF2969A250BBD /* Pods-flixsterTests.debug.xcconfig */,
				602F916CA2892B41CE02572E /* Pods-flixsterTests.release.xcconfig */,
			);
			path = Pods;
			sourceTree = "<group>";
		};
/* End PBXGroup section */

/* Begin PBXNativeTarget section */
		1CEE5176251312B20093C178 /* flixster */ = {
			isa = PBXNativeTarget;
			buildConfigurationList = 1CEE51A1251312B80093C178 /* Build configuration list for PBXNativeTarget "flixster" */;
			buildPhases = (
				D1E261A0B26F9ED1378BFBA4 /* [CP] Check Pods Manifest.lock */,
				1CEE5173251312B20093C178 /* Sources */,
				1CEE5174251312B20093C178 /* Frameworks */,
				1CEE5175251312B20093C178 /* Resources */,
				93C41777C4F6F8A2AEF90AFB /* [CP] Embed Pods Frameworks */,
			);
			buildRules = (
			);
			dependencies = (
			);
			name = flixster;
			productName = flixster;
			productReference = 1CEE5177251312B20093C178 /* flixster.app */;
			productType = "com.apple.product-type.application";
		};
		1CEE518C251312B80093C178 /* flixsterTests */ = {
			isa = PBXNativeTarget;
			buildConfigurationList = 1CEE51A4251312B80093C178 /* Build configuration list for PBXNativeTarget "flixsterTests" */;
			buildPhases = (
				90A0CF827CE6E867CECE1079 /* [CP] Check Pods Manifest.lock */,
				1CEE5189251312B80093C178 /* Sources */,
				1CEE518A251312B80093C178 /* Frameworks */,
				1CEE518B251312B80093C178 /* Resources */,
			);
			buildRules = (
			);
			dependencies = (
				1CEE518F251312B80093C178 /* PBXTargetDependency */,
			);
			name = flixsterTests;
			productName = flixsterTests;
			productReference = 1CEE518D251312B80093C178 /* flixsterTests.xctest */;
			productType = "com.apple.product-type.bundle.unit-test";
		};
		1CEE5197251312B80093C178 /* flixsterUITests */ = {
			isa = PBXNativeTarget;
			buildConfigurationList = 1CEE51A7251312B80093C178 /* Build configuration list for PBXNativeTarget "flixsterUITests" */;
			buildPhases = (
				63534ECF4E9478F67CA55899 /* [CP] Check Pods Manifest.lock */,
				1CEE5194251312B80093C178 /* Sources */,
				1CEE5195251312B80093C178 /* Frameworks */,
				1CEE5196251312B80093C178 /* Resources */,
				2FF1C1BE0CF8BC08B912F04F /* [CP] Embed Pods Frameworks */,
			);
			buildRules = (
			);
			dependencies = (
				1CEE519A251312B80093C178 /* PBXTargetDependency */,
			);
			name = flixsterUITests;
			productName = flixsterUITests;
			productReference = 1CEE5198251312B80093C178 /* flixsterUITests.xctest */;
			productType = "com.apple.product-type.bundle.ui-testing";
		};
/* End PBXNativeTarget section */

/* Begin PBXProject section */
		1CEE516F251312B20093C178 /* Project object */ = {
			isa = PBXProject;
			attributes = {
				LastSwiftUpdateCheck = 1160;
				LastUpgradeCheck = 1160;
				ORGANIZATIONNAME = "sidney.pho@mavs.uta.edu";
				TargetAttributes = {
					1CEE5176251312B20093C178 = {
						CreatedOnToolsVersion = 11.6;
					};
					1CEE518C251312B80093C178 = {
						CreatedOnToolsVersion = 11.6;
						TestTargetID = 1CEE5176251312B20093C178;
					};
					1CEE5197251312B80093C178 = {
						CreatedOnToolsVersion = 11.6;
						TestTargetID = 1CEE5176251312B20093C178;
					};
				};
			};
			buildConfigurationList = 1CEE5172251312B20093C178 /* Build configuration list for PBXProject "flixster" */;
			compatibilityVersion = "Xcode 9.3";
			developmentRegion = en;
			hasScannedForEncodings = 0;
			knownRegions = (
				en,
				Base,
			);
			mainGroup = 1CEE516E251312B20093C178;
			productRefGroup = 1CEE5178251312B20093C178 /* Products */;
			projectDirPath = "";
			projectRoot = "";
			targets = (
				1CEE5176251312B20093C178 /* flixster */,
				1CEE518C251312B80093C178 /* flixsterTests */,
				1CEE5197251312B80093C178 /* flixsterUITests */,
			);
		};
/* End PBXProject section */

/* Begin PBXResourcesBuildPhase section */
		1CEE5175251312B20093C178 /* Resources */ = {
			isa = PBXResourcesBuildPhase;
			buildActionMask = 2147483647;
			files = (
				1CEE5187251312B80093C178 /* LaunchScreen.storyboard in Resources */,
				1CEE5184251312B80093C178 /* Assets.xcassets in Resources */,
				1CEE5182251312B20093C178 /* Main.storyboard in Resources */,
			);
			runOnlyForDeploymentPostprocessing = 0;
		};
		1CEE518B251312B80093C178 /* Resources */ = {
			isa = PBXResourcesBuildPhase;
			buildActionMask = 2147483647;
			files = (
			);
			runOnlyForDeploymentPostprocessing = 0;
		};
		1CEE5196251312B80093C178 /* Resources */ = {
			isa = PBXResourcesBuildPhase;
			buildActionMask = 2147483647;
			files = (
			);
			runOnlyForDeploymentPostprocessing = 0;
		};
/* End PBXResourcesBuildPhase section */

/* Begin PBXShellScriptBuildPhase section */
		2FF1C1BE0CF8BC08B912F04F /* [CP] Embed Pods Frameworks */ = {
			isa = PBXShellScriptBuildPhase;
			buildActionMask = 2147483647;
			files = (
			);
			inputFileListPaths = (
				"${PODS_ROOT}/Target Support Files/Pods-flixster-flixsterUITests/Pods-flixster-flixsterUITests-frameworks-${CONFIGURATION}-input-files.xcfilelist",
			);
			name = "[CP] Embed Pods Frameworks";
			outputFileListPaths = (
				"${PODS_ROOT}/Target Support Files/Pods-flixster-flixsterUITests/Pods-flixster-flixsterUITests-frameworks-${CONFIGURATION}-output-files.xcfilelist",
			);
			runOnlyForDeploymentPostprocessing = 0;
			shellPath = /bin/sh;
			shellScript = "\"${PODS_ROOT}/Target Support Files/Pods-flixster-flixsterUITests/Pods-flixster-flixsterUITests-frameworks.sh\"\n";
			showEnvVarsInLog = 0;
		};
		63534ECF4E9478F67CA55899 /* [CP] Check Pods Manifest.lock */ = {
			isa = PBXShellScriptBuildPhase;
			buildActionMask = 2147483647;
			files = (
			);
			inputFileListPaths = (
			);
			inputPaths = (
				"${PODS_PODFILE_DIR_PATH}/Podfile.lock",
				"${PODS_ROOT}/Manifest.lock",
			);
			name = "[CP] Check Pods Manifest.lock";
			outputFileListPaths = (
			);
			outputPaths = (
				"$(DERIVED_FILE_DIR)/Pods-flixster-flixsterUITests-checkManifestLockResult.txt",
			);
			runOnlyForDeploymentPostprocessing = 0;
			shellPath = /bin/sh;
			shellScript = "diff \"${PODS_PODFILE_DIR_PATH}/Podfile.lock\" \"${PODS_ROOT}/Manifest.lock\" > /dev/null\nif [ $? != 0 ] ; then\n    # print error to STDERR\n    echo \"error: The sandbox is not in sync with the Podfile.lock. Run 'pod install' or update your CocoaPods installation.\" >&2\n    exit 1\nfi\n# This output is used by Xcode 'outputs' to avoid re-running this script phase.\necho \"SUCCESS\" > \"${SCRIPT_OUTPUT_FILE_0}\"\n";
			showEnvVarsInLog = 0;
		};
		90A0CF827CE6E867CECE1079 /* [CP] Check Pods Manifest.lock */ = {
			isa = PBXShellScriptBuildPhase;
			buildActionMask = 2147483647;
			files = (
			);
			inputFileListPaths = (
			);
			inputPaths = (
				"${PODS_PODFILE_DIR_PATH}/Podfile.lock",
				"${PODS_ROOT}/Manifest.lock",
			);
			name = "[CP] Check Pods Manifest.lock";
			outputFileListPaths = (
			);
			outputPaths = (
				"$(DERIVED_FILE_DIR)/Pods-flixsterTests-checkManifestLockResult.txt",
			);
			runOnlyForDeploymentPostprocessing = 0;
			shellPath = /bin/sh;
			shellScript = "diff \"${PODS_PODFILE_DIR_PATH}/Podfile.lock\" \"${PODS_ROOT}/Manifest.lock\" > /dev/null\nif [ $? != 0 ] ; then\n    # print error to STDERR\n    echo \"error: The sandbox is not in sync with the Podfile.lock. Run 'pod install' or update your CocoaPods installation.\" >&2\n    exit 1\nfi\n# This output is used by Xcode 'outputs' to avoid re-running this script phase.\necho \"SUCCESS\" > \"${SCRIPT_OUTPUT_FILE_0}\"\n";
			showEnvVarsInLog = 0;
		};
		93C41777C4F6F8A2AEF90AFB /* [CP] Embed Pods Frameworks */ = {
			isa = PBXShellScriptBuildPhase;
			buildActionMask = 2147483647;
			files = (
			);
			inputFileListPaths = (
				"${PODS_ROOT}/Target Support Files/Pods-flixster/Pods-flixster-frameworks-${CONFIGURATION}-input-files.xcfilelist",
			);
			name = "[CP] Embed Pods Frameworks";
			outputFileListPaths = (
				"${PODS_ROOT}/Target Support Files/Pods-flixster/Pods-flixster-frameworks-${CONFIGURATION}-output-files.xcfilelist",
			);
			runOnlyForDeploymentPostprocessing = 0;
			shellPath = /bin/sh;
			shellScript = "\"${PODS_ROOT}/Target Support Files/Pods-flixster/Pods-flixster-frameworks.sh\"\n";
			showEnvVarsInLog = 0;
		};
		D1E261A0B26F9ED1378BFBA4 /* [CP] Check Pods Manifest.lock */ = {
			isa = PBXShellScriptBuildPhase;
			buildActionMask = 2147483647;
			files = (
			);
			inputFileListPaths = (
			);
			inputPaths = (
				"${PODS_PODFILE_DIR_PATH}/Podfile.lock",
				"${PODS_ROOT}/Manifest.lock",
			);
			name = "[CP] Check Pods Manifest.lock";
			outputFileListPaths = (
			);
			outputPaths = (
				"$(DERIVED_FILE_DIR)/Pods-flixster-checkManifestLockResult.txt",
			);
			runOnlyForDeploymentPostprocessing = 0;
			shellPath = /bin/sh;
			shellScript = "diff \"${PODS_PODFILE_DIR_PATH}/Podfile.lock\" \"${PODS_ROOT}/Manifest.lock\" > /dev/null\nif [ $? != 0 ] ; then\n    # print error to STDERR\n    echo \"error: The sandbox is not in sync with the Podfile.lock. Run 'pod install' or update your CocoaPods installation.\" >&2\n    exit 1\nfi\n# This output is used by Xcode 'outputs' to avoid re-running this script phase.\necho \"SUCCESS\" > \"${SCRIPT_OUTPUT_FILE_0}\"\n";
			showEnvVarsInLog = 0;
		};
/* End PBXShellScriptBuildPhase section */

/* Begin PBXSourcesBuildPhase section */
		1CEE5173251312B20093C178 /* Sources */ = {
			isa = PBXSourcesBuildPhase;
			buildActionMask = 2147483647;
			files = (
				1CEE51B5251C7CD40093C178 /* MovieDetailsViewController.swift in Sources */,
				1CEE51BF251DCDE20093C178 /* WebViewController.swift in Sources */,
				1CEE517B251312B20093C178 /* AppDelegate.swift in Sources */,
				1CEE517D251312B20093C178 /* SceneDelegate.swift in Sources */,
				1CEE51AD2513233B0093C178 /* MovieCell.swift in Sources */,
				1CEE51AB251314160093C178 /* MoviesViewController.swift in Sources */,
				1CEE51B7251D85E70093C178 /* MovieGridViewController.swift in Sources */,
				1CEE51BD251DC2CA0093C178 /* MovieGridDetailViewController.swift in Sources */,
				1CEE51BB251D98E60093C178 /* MovieGridCell.swift in Sources */,
			);
			runOnlyForDeploymentPostprocessing = 0;
		};
		1CEE5189251312B80093C178 /* Sources */ = {
			isa = PBXSourcesBuildPhase;
			buildActionMask = 2147483647;
			files = (
				1CEE5192251312B80093C178 /* flixsterTests.swift in Sources */,
			);
			runOnlyForDeploymentPostprocessing = 0;
		};
		1CEE5194251312B80093C178 /* Sources */ = {
			isa = PBXSourcesBuildPhase;
			buildActionMask = 2147483647;
			files = (
				1CEE519D251312B80093C178 /* flixsterUITests.swift in Sources */,
			);
			runOnlyForDeploymentPostprocessing = 0;
		};
/* End PBXSourcesBuildPhase section */

/* Begin PBXTargetDependency section */
		1CEE518F251312B80093C178 /* PBXTargetDependency */ = {
			isa = PBXTargetDependency;
			target = 1CEE5176251312B20093C178 /* flixster */;
			targetProxy = 1CEE518E251312B80093C178 /* PBXContainerItemProxy */;
		};
		1CEE519A251312B80093C178 /* PBXTargetDependency */ = {
			isa = PBXTargetDependency;
			target = 1CEE5176251312B20093C178 /* flixster */;
			targetProxy = 1CEE5199251312B80093C178 /* PBXContainerItemProxy */;
		};
/* End PBXTargetDependency section */

/* Begin PBXVariantGroup section */
		1CEE5180251312B20093C178 /* Main.storyboard */ = {
			isa = PBXVariantGroup;
			children = (
				1CEE5181251312B20093C178 /* Base */,
			);
			name = Main.storyboard;
			sourceTree = "<group>";
		};
		1CEE5185251312B80093C178 /* LaunchScreen.storyboard */ = {
			isa = PBXVariantGroup;
			children = (
				1CEE5186251312B80093C178 /* Base */,
			);
			name = LaunchScreen.storyboard;
			sourceTree = "<group>";
		};
/* End PBXVariantGroup section */

/* Begin XCBuildConfiguration section */
		1CEE519F251312B80093C178 /* Debug */ = {
			isa = XCBuildConfiguration;
			buildSettings = {
				ALWAYS_SEARCH_USER_PATHS = NO;
				CLANG_ANALYZER_NONNULL = YES;
				CLANG_ANALYZER_NUMBER_OBJECT_CONVERSION = YES_AGGRESSIVE;
				CLANG_CXX_LANGUAGE_STANDARD = "gnu++14";
				CLANG_CXX_LIBRARY = "libc++";
				CLANG_ENABLE_MODULES = YES;
				CLANG_ENABLE_OBJC_ARC = YES;
				CLANG_ENABLE_OBJC_WEAK = YES;
				CLANG_WARN_BLOCK_CAPTURE_AUTORELEASING = YES;
				CLANG_WARN_BOOL_CONVERSION = YES;
				CLANG_WARN_COMMA = YES;
				CLANG_WARN_CONSTANT_CONVERSION = YES;
				CLANG_WARN_DEPRECATED_OBJC_IMPLEMENTATIONS = YES;
				CLANG_WARN_DIRECT_OBJC_ISA_USAGE = YES_ERROR;
				CLANG_WARN_DOCUMENTATION_COMMENTS = YES;
				CLANG_WARN_EMPTY_BODY = YES;
				CLANG_WARN_ENUM_CONVERSION = YES;
				CLANG_WARN_INFINITE_RECURSION = YES;
				CLANG_WARN_INT_CONVERSION = YES;
				CLANG_WARN_NON_LITERAL_NULL_CONVERSION = YES;
				CLANG_WARN_OBJC_IMPLICIT_RETAIN_SELF = YES;
				CLANG_WARN_OBJC_LITERAL_CONVERSION = YES;
				CLANG_WARN_OBJC_ROOT_CLASS = YES_ERROR;
				CLANG_WARN_RANGE_LOOP_ANALYSIS = YES;
				CLANG_WARN_STRICT_PROTOTYPES = YES;
				CLANG_WARN_SUSPICIOUS_MOVE = YES;
				CLANG_WARN_UNGUARDED_AVAILABILITY = YES_AGGRESSIVE;
				CLANG_WARN_UNREACHABLE_CODE = YES;
				CLANG_WARN__DUPLICATE_METHOD_MATCH = YES;
				COPY_PHASE_STRIP = NO;
				DEBUG_INFORMATION_FORMAT = dwarf;
				ENABLE_STRICT_OBJC_MSGSEND = YES;
				ENABLE_TESTABILITY = YES;
				GCC_C_LANGUAGE_STANDARD = gnu11;
				GCC_DYNAMIC_NO_PIC = NO;
				GCC_NO_COMMON_BLOCKS = YES;
				GCC_OPTIMIZATION_LEVEL = 0;
				GCC_PREPROCESSOR_DEFINITIONS = (
					"DEBUG=1",
					"$(inherited)",
				);
				GCC_WARN_64_TO_32_BIT_CONVERSION = YES;
				GCC_WARN_ABOUT_RETURN_TYPE = YES_ERROR;
				GCC_WARN_UNDECLARED_SELECTOR = YES;
				GCC_WARN_UNINITIALIZED_AUTOS = YES_AGGRESSIVE;
				GCC_WARN_UNUSED_FUNCTION = YES;
				GCC_WARN_UNUSED_VARIABLE = YES;
				IPHONEOS_DEPLOYMENT_TARGET = 13.6;
				MTL_ENABLE_DEBUG_INFO = INCLUDE_SOURCE;
				MTL_FAST_MATH = YES;
				ONLY_ACTIVE_ARCH = YES;
				SDKROOT = iphoneos;
				SWIFT_ACTIVE_COMPILATION_CONDITIONS = DEBUG;
				SWIFT_OPTIMIZATION_LEVEL = "-Onone";
			};
			name = Debug;
		};
		1CEE51A0251312B80093C178 /* Release */ = {
			isa = XCBuildConfiguration;
			buildSettings = {
				ALWAYS_SEARCH_USER_PATHS = NO;
				CLANG_ANALYZER_NONNULL = YES;
				CLANG_ANALYZER_NUMBER_OBJECT_CONVERSION = YES_AGGRESSIVE;
				CLANG_CXX_LANGUAGE_STANDARD = "gnu++14";
				CLANG_CXX_LIBRARY = "libc++";
				CLANG_ENABLE_MODULES = YES;
				CLANG_ENABLE_OBJC_ARC = YES;
				CLANG_ENABLE_OBJC_WEAK = YES;
				CLANG_WARN_BLOCK_CAPTURE_AUTORELEASING = YES;
				CLANG_WARN_BOOL_CONVERSION = YES;
				CLANG_WARN_COMMA = YES;
				CLANG_WARN_CONSTANT_CONVERSION = YES;
				CLANG_WARN_DEPRECATED_OBJC_IMPLEMENTATIONS = YES;
				CLANG_WARN_DIRECT_OBJC_ISA_USAGE = YES_ERROR;
				CLANG_WARN_DOCUMENTATION_COMMENTS = YES;
				CLANG_WARN_EMPTY_BODY = YES;
				CLANG_WARN_ENUM_CONVERSION = YES;
				CLANG_WARN_INFINITE_RECURSION = YES;
				CLANG_WARN_INT_CONVERSION = YES;
				CLANG_WARN_NON_LITERAL_NULL_CONVERSION = YES;
				CLANG_WARN_OBJC_IMPLICIT_RETAIN_SELF = YES;
				CLANG_WARN_OBJC_LITERAL_CONVERSION = YES;
				CLANG_WARN_OBJC_ROOT_CLASS = YES_ERROR;
				CLANG_WARN_RANGE_LOOP_ANALYSIS = YES;
				CLANG_WARN_STRICT_PROTOTYPES = YES;
				CLANG_WARN_SUSPICIOUS_MOVE = YES;
				CLANG_WARN_UNGUARDED_AVAILABILITY = YES_AGGRESSIVE;
				CLANG_WARN_UNREACHABLE_CODE = YES;
				CLANG_WARN__DUPLICATE_METHOD_MATCH = YES;
				COPY_PHASE_STRIP = NO;
				DEBUG_INFORMATION_FORMAT = "dwarf-with-dsym";
				ENABLE_NS_ASSERTIONS = NO;
				ENABLE_STRICT_OBJC_MSGSEND = YES;
				GCC_C_LANGUAGE_STANDARD = gnu11;
				GCC_NO_COMMON_BLOCKS = YES;
				GCC_WARN_64_TO_32_BIT_CONVERSION = YES;
				GCC_WARN_ABOUT_RETURN_TYPE = YES_ERROR;
				GCC_WARN_UNDECLARED_SELECTOR = YES;
				GCC_WARN_UNINITIALIZED_AUTOS = YES_AGGRESSIVE;
				GCC_WARN_UNUSED_FUNCTION = YES;
				GCC_WARN_UNUSED_VARIABLE = YES;
				IPHONEOS_DEPLOYMENT_TARGET = 13.6;
				MTL_ENABLE_DEBUG_INFO = NO;
				MTL_FAST_MATH = YES;
				SDKROOT = iphoneos;
				SWIFT_COMPILATION_MODE = wholemodule;
				SWIFT_OPTIMIZATION_LEVEL = "-O";
				VALIDATE_PRODUCT = YES;
			};
			name = Release;
		};
		1CEE51A2251312B80093C178 /* Debug */ = {
			isa = XCBuildConfiguration;
			baseConfigurationReference = 4D430A1F1C51BAC4F9A5A473 /* Pods-flixster.debug.xcconfig */;
			buildSettings = {
				ASSETCATALOG_COMPILER_APPICON_NAME = AppIcon;
				CODE_SIGN_STYLE = Automatic;
				INFOPLIST_FILE = flixster/Info.plist;
				LD_RUNPATH_SEARCH_PATHS = (
					"$(inherited)",
					"@executable_path/Frameworks",
				);
				PRODUCT_BUNDLE_IDENTIFIER = com.sidneypho.flixster;
				PRODUCT_NAME = "$(TARGET_NAME)";
				SWIFT_VERSION = 5.0;
				TARGETED_DEVICE_FAMILY = "1,2";
			};
			name = Debug;
		};
		1CEE51A3251312B80093C178 /* Release */ = {
			isa = XCBuildConfiguration;
			baseConfigurationReference = DD4A83C24785857B00ECFC77 /* Pods-flixster.release.xcconfig */;
			buildSettings = {
				ASSETCATALOG_COMPILER_APPICON_NAME = AppIcon;
				CODE_SIGN_STYLE = Automatic;
				INFOPLIST_FILE = flixster/Info.plist;
				LD_RUNPATH_SEARCH_PATHS = (
					"$(inherited)",
					"@executable_path/Frameworks",
				);
				PRODUCT_BUNDLE_IDENTIFIER = com.sidneypho.flixster;
				PRODUCT_NAME = "$(TARGET_NAME)";
				SWIFT_VERSION = 5.0;
				TARGETED_DEVICE_FAMILY = "1,2";
			};
			name = Release;
		};
		1CEE51A5251312B80093C178 /* Debug */ = {
			isa = XCBuildConfiguration;
			baseConfigurationReference = 1B778DC1556DF2969A250BBD /* Pods-flixsterTests.debug.xcconfig */;
			buildSettings = {
				ALWAYS_EMBED_SWIFT_STANDARD_LIBRARIES = YES;
				BUNDLE_LOADER = "$(TEST_HOST)";
				CODE_SIGN_STYLE = Automatic;
				INFOPLIST_FILE = flixsterTests/Info.plist;
				IPHONEOS_DEPLOYMENT_TARGET = 13.6;
				LD_RUNPATH_SEARCH_PATHS = (
					"$(inherited)",
					"@executable_path/Frameworks",
					"@loader_path/Frameworks",
				);
				PRODUCT_BUNDLE_IDENTIFIER = com.sidneypho.flixsterTests;
				PRODUCT_NAME = "$(TARGET_NAME)";
				SWIFT_VERSION = 5.0;
				TARGETED_DEVICE_FAMILY = "1,2";
				TEST_HOST = "$(BUILT_PRODUCTS_DIR)/flixster.app/flixster";
			};
			name = Debug;
		};
		1CEE51A6251312B80093C178 /* Release */ = {
			isa = XCBuildConfiguration;
			baseConfigurationReference = 602F916CA2892B41CE02572E /* Pods-flixsterTests.release.xcconfig */;
			buildSettings = {
				ALWAYS_EMBED_SWIFT_STANDARD_LIBRARIES = YES;
				BUNDLE_LOADER = "$(TEST_HOST)";
				CODE_SIGN_STYLE = Automatic;
				INFOPLIST_FILE = flixsterTests/Info.plist;
				IPHONEOS_DEPLOYMENT_TARGET = 13.6;
				LD_RUNPATH_SEARCH_PATHS = (
					"$(inherited)",
					"@executable_path/Frameworks",
					"@loader_path/Frameworks",
				);
				PRODUCT_BUNDLE_IDENTIFIER = com.sidneypho.flixsterTests;
				PRODUCT_NAME = "$(TARGET_NAME)";
				SWIFT_VERSION = 5.0;
				TARGETED_DEVICE_FAMILY = "1,2";
				TEST_HOST = "$(BUILT_PRODUCTS_DIR)/flixster.app/flixster";
			};
			name = Release;
		};
		1CEE51A8251312B80093C178 /* Debug */ = {
			isa = XCBuildConfiguration;
			baseConfigurationReference = 9726B5FB4C39F6B28D8B19A9 /* Pods-flixster-flixsterUITests.debug.xcconfig */;
			buildSettings = {
				ALWAYS_EMBED_SWIFT_STANDARD_LIBRARIES = YES;
				CODE_SIGN_STYLE = Automatic;
				INFOPLIST_FILE = flixsterUITests/Info.plist;
				LD_RUNPATH_SEARCH_PATHS = (
					"$(inherited)",
					"@executable_path/Frameworks",
					"@loader_path/Frameworks",
				);
				PRODUCT_BUNDLE_IDENTIFIER = com.sidneypho.flixsterUITests;
				PRODUCT_NAME = "$(TARGET_NAME)";
				SWIFT_VERSION = 5.0;
				TARGETED_DEVICE_FAMILY = "1,2";
				TEST_TARGET_NAME = flixster;
			};
			name = Debug;
		};
		1CEE51A9251312B80093C178 /* Release */ = {
			isa = XCBuildConfiguration;
			baseConfigurationReference = A2A2C8740AF402B32D6EB01B /* Pods-flixster-flixsterUITests.release.xcconfig */;
			buildSettings = {
				ALWAYS_EMBED_SWIFT_STANDARD_LIBRARIES = YES;
				CODE_SIGN_STYLE = Automatic;
				INFOPLIST_FILE = flixsterUITests/Info.plist;
				LD_RUNPATH_SEARCH_PATHS = (
					"$(inherited)",
					"@executable_path/Frameworks",
					"@loader_path/Frameworks",
				);
				PRODUCT_BUNDLE_IDENTIFIER = com.sidneypho.flixsterUITests;
				PRODUCT_NAME = "$(TARGET_NAME)";
				SWIFT_VERSION = 5.0;
				TARGETED_DEVICE_FAMILY = "1,2";
				TEST_TARGET_NAME = flixster;
			};
			name = Release;
		};
/* End XCBuildConfiguration section */

/* Begin XCConfigurationList section */
		1CEE5172251312B20093C178 /* Build configuration list for PBXProject "flixster" */ = {
			isa = XCConfigurationList;
			buildConfigurations = (
				1CEE519F251312B80093C178 /* Debug */,
				1CEE51A0251312B80093C178 /* Release */,
			);
			defaultConfigurationIsVisible = 0;
			defaultConfigurationName = Release;
		};
		1CEE51A1251312B80093C178 /* Build configuration list for PBXNativeTarget "flixster" */ = {
			isa = XCConfigurationList;
			buildConfigurations = (
				1CEE51A2251312B80093C178 /* Debug */,
				1CEE51A3251312B80093C178 /* Release */,
			);
			defaultConfigurationIsVisible = 0;
			defaultConfigurationName = Release;
		};
		1CEE51A4251312B80093C178 /* Build configuration list for PBXNativeTarget "flixsterTests" */ = {
			isa = XCConfigurationList;
			buildConfigurations = (
				1CEE51A5251312B80093C178 /* Debug */,
				1CEE51A6251312B80093C178 /* Release */,
			);
			defaultConfigurationIsVisible = 0;
			defaultConfigurationName = Release;
		};
		1CEE51A7251312B80093C178 /* Build configuration list for PBXNativeTarget "flixsterUITests" */ = {
			isa = XCConfigurationList;
			buildConfigurations = (
				1CEE51A8251312B80093C178 /* Debug */,
				1CEE51A9251312B80093C178 /* Release */,
			);
			defaultConfigurationIsVisible = 0;
			defaultConfigurationName = Release;
		};
/* End XCConfigurationList section */
	};
	rootObject = 1CEE516F251312B20093C178 /* Project object */;
}
